
Microsoft Visual Studio Solution File, Format Version 12.00
# Visual Studio 2010
Project("{888888A0-9F3D-457C-B088-3A5042F75D52}") = "Chapter10", "Chapter10\Chapter10.pyproj", "{C21C16AA-801B-4E40-95E4-9144A8C33268}"
EndProject
Project("{888888A0-9F3D-457C-B088-3A5042F75D52}") = "Chapter04", "Chapter04\Chapter04.pyproj", "{BEE3A2D3-FCA9-4CB2-AC10-388F9793F2E1}"
EndProject
Project("{888888A0-9F3D-457C-B088-3A5042F75D52}") = "Chapter05", "Chapter05\Chapter05.pyproj", "{88DE4FBD-36F9-47A4-88BF-FEA6D8011C30}"
EndProject
Project("{888888A0-9F3D-457C-B088-3A5042F75D52}") = "Chapter06", "Chapter06\Chapter06.pyproj", "{03855D06-F43A-4B21-BAF0-026224297525}"
EndProject
Project("{888888A0-9F3D-457C-B088-3A5042F75D52}") = "Chapter07", "Chapter07\Chapter07.pyproj", "{B5D422F1-852B-4C56-89D2-7EFB44A08A74}"
EndProject
Project("{888888A0-9F3D-457C-B088-3A5042F75D52}") = "Chapter08", "Chapter08\Chapter08.pyproj", "{5D2384E0-5557-47B4-8FB4-6DB2E434FA95}"
EndProject
Project("{888888A0-9F3D-457C-B088-3A5042F75D52}") = "Chapter09", "Chapter09\Chapter09.pyproj", "{828F2422-5227-4FF8-82F0-B91C711B214F}"
EndProject
Project("{888888A0-9F3D-457C-B088-3A5042F75D52}") = "Chapter11", "Chapter11\Chapter11.pyproj", "{8E879AE0-AD9D-4C97-A2F0-7A3805A02D41}"
EndProject
Project("{888888A0-9F3D-457C-B088-3A5042F75D52}") = "Chapter12", "Chapter12\Chapter12.pyproj", "{E1B189A4-9D0C-4D20-A804-D4ADB1252787}"
EndProject
Project("{888888A0-9F3D-457C-B088-3A5042F75D52}") = "Chapter13", "Chapter13\Chapter13.pyproj", "{F96FE471-8B77-4407-BE64-0162C3D5C412}"
	ProjectSection(ProjectDependencies) = postProject
		{1759F1C4-E18C-4753-B036-25483789E4F3} = {1759F1C4-E18C-4753-B036-25483789E4F3}
	EndProjectSection
EndProject
Project("{888888A0-9F3D-457C-B088-3A5042F75D52}") = "TPCommon", "TPCommon\TPCommon.pyproj", "{1759F1C4-E18C-4753-B036-25483789E4F3}"
EndProject
Global
	GlobalSection(SolutionConfigurationPlatforms) = preSolution
		Debug|Any CPU = Debug|Any CPU
		Release|Any CPU = Release|Any CPU
	EndGlobalSection
	GlobalSection(ProjectConfigurationPlatforms) = postSolution
		{C21C16AA-801B-4E40-95E4-9144A8C33268}.Debug|Any CPU.ActiveCfg = Debug|Any CPU
		{C21C16AA-801B-4E40-95E4-9144A8C33268}.Debug|Any CPU.Build.0 = Debug|Any CPU
		{C21C16AA-801B-4E40-95E4-9144A8C33268}.Release|Any CPU.ActiveCfg = Release|Any CPU
		{C21C16AA-801B-4E40-95E4-9144A8C33268}.Release|Any CPU.Build.0 = Release|Any CPU
		{BEE3A2D3-FCA9-4CB2-AC10-388F9793F2E1}.Debug|Any CPU.ActiveCfg = Debug|Any CPU
		{BEE3A2D3-FCA9-4CB2-AC10-388F9793F2E1}.Debug|Any CPU.Build.0 = Debug|Any CPU
		{BEE3A2D3-FCA9-4CB2-AC10-388F9793F2E1}.Release|Any CPU.ActiveCfg = Release|Any CPU
		{BEE3A2D3-FCA9-4CB2-AC10-388F9793F2E1}.Release|Any CPU.Build.0 = Release|Any CPU
		{88DE4FBD-36F9-47A4-88BF-FEA6D8011C30}.Debug|Any CPU.ActiveCfg = Debug|Any CPU
		{88DE4FBD-36F9-47A4-88BF-FEA6D8011C30}.Debug|Any CPU.Build.0 = Debug|Any CPU
		{88DE4FBD-36F9-47A4-88BF-FEA6D8011C30}.Release|Any CPU.ActiveCfg = Release|Any CPU
		{88DE4FBD-36F9-47A4-88BF-FEA6D8011C30}.Release|Any CPU.Build.0 = Release|Any CPU
		{03855D06-F43A-4B21-BAF0-026224297525}.Debug|Any CPU.ActiveCfg = Debug|Any CPU
		{03855D06-F43A-4B21-BAF0-026224297525}.Debug|Any CPU.Build.0 = Debug|Any CPU
		{03855D06-F43A-4B21-BAF0-026224297525}.Release|Any CPU.ActiveCfg = Release|Any CPU
		{03855D06-F43A-4B21-BAF0-026224297525}.Release|Any CPU.Build.0 = Release|Any CPU
		{B5D422F1-852B-4C56-89D2-7EFB44A08A74}.Debug|Any CPU.ActiveCfg = Debug|Any CPU
		{B5D422F1-852B-4C56-89D2-7EFB44A08A74}.Debug|Any CPU.Build.0 = Debug|Any CPU
		{B5D422F1-852B-4C56-89D2-7EFB44A08A74}.Release|Any CPU.ActiveCfg = Release|Any CPU
		{B5D422F1-852B-4C56-89D2-7EFB44A08A74}.Release|Any CPU.Build.0 = Release|Any CPU
		{5D2384E0-5557-47B4-8FB4-6DB2E434FA95}.Debug|Any CPU.ActiveCfg = Debug|Any CPU
		{5D2384E0-5557-47B4-8FB4-6DB2E434FA95}.Debug|Any CPU.Build.0 = Debug|Any CPU
		{5D2384E0-5557-47B4-8FB4-6DB2E434FA95}.Release|Any CPU.ActiveCfg = Release|Any CPU
		{5D2384E0-5557-47B4-8FB4-6DB2E434FA95}.Release|Any CPU.Build.0 = Release|Any CPU
		{828F2422-5227-4FF8-82F0-B91C711B214F}.Debug|Any CPU.ActiveCfg = Debug|Any CPU
		{828F2422-5227-4FF8-82F0-B91C711B214F}.Debug|Any CPU.Build.0 = Debug|Any CPU
		{828F2422-5227-4FF8-82F0-B91C711B214F}.Release|Any CPU.ActiveCfg = Release|Any CPU
		{828F2422-5227-4FF8-82F0-B91C711B214F}.Release|Any CPU.Build.0 = Release|Any CPU
		{8E879AE0-AD9D-4C97-A2F0-7A3805A02D41}.Debug|Any CPU.ActiveCfg = Debug|Any CPU
		{8E879AE0-AD9D-4C97-A2F0-7A3805A02D41}.Debug|Any CPU.Build.0 = Debug|Any CPU
		{8E879AE0-AD9D-4C97-A2F0-7A3805A02D41}.Release|Any CPU.ActiveCfg = Release|Any CPU
		{8E879AE0-AD9D-4C97-A2F0-7A3805A02D41}.Release|Any CPU.Build.0 = Release|Any CPU
		{E1B189A4-9D0C-4D20-A804-D4ADB1252787}.Debug|Any CPU.ActiveCfg = Debug|Any CPU
		{E1B189A4-9D0C-4D20-A804-D4ADB1252787}.Debug|Any CPU.Build.0 = Debug|Any CPU
		{E1B189A4-9D0C-4D20-A804-D4ADB1252787}.Release|Any CPU.ActiveCfg = Release|Any CPU
		{E1B189A4-9D0C-4D20-A804-D4ADB1252787}.Release|Any CPU.Build.0 = Release|Any CPU
		{F96FE471-8B77-4407-BE64-0162C3D5C412}.Debug|Any CPU.ActiveCfg = Debug|Any CPU
		{F96FE471-8B77-4407-BE64-0162C3D5C412}.Debug|Any CPU.Build.0 = Debug|Any CPU
		{F96FE471-8B77-4407-BE64-0162C3D5C412}.Release|Any CPU.ActiveCfg = Release|Any CPU
		{F96FE471-8B77-4407-BE64-0162C3D5C412}.Release|Any CPU.Build.0 = Release|Any CPU
		{1759F1C4-E18C-4753-B036-25483789E4F3}.Debug|Any CPU.ActiveCfg = Debug|Any CPU
		{1759F1C4-E18C-4753-B036-25483789E4F3}.Debug|Any CPU.Build.0 = Debug|Any CPU
		{1759F1C4-E18C-4753-B036-25483789E4F3}.Release|Any CPU.ActiveCfg = Release|Any CPU
		{1759F1C4-E18C-4753-B036-25483789E4F3}.Release|Any CPU.Build.0 = Release|Any CPU
	EndGlobalSection
	GlobalSection(SolutionProperties) = preSolution
		HideSolutionNode = FALSE
	EndGlobalSection
EndGlobal
