
Microsoft Visual Studio Solution File, Format Version 11.00
# Visual Studio 2010
Project("{888888A0-9F3D-457C-B088-3A5042F75D52}") = "Chapter4", "Chapter4\Chapter4.pyproj", "{BEE3A2D3-FCA9-4CB2-AC10-388F9793F2E1}"
EndProject
Project("{888888A0-9F3D-457C-B088-3A5042F75D52}") = "Chapter5", "Chapter5\Chapter5.pyproj", "{88DE4FBD-36F9-47A4-88BF-FEA6D8011C30}"
EndProject
Project("{888888A0-9F3D-457C-B088-3A5042F75D52}") = "Chapter6", "Chapter6\Chapter6.pyproj", "{03855D06-F43A-4B21-BAF0-026224297525}"
EndProject
Project("{888888A0-9F3D-457C-B088-3A5042F75D52}") = "Chapter7", "Chapter7\Chapter7.pyproj", "{B5D422F1-852B-4C56-89D2-7EFB44A08A74}"
EndProject
Global
	GlobalSection(SolutionConfigurationPlatforms) = preSolution
		Debug|Any CPU = Debug|Any CPU
		Release|Any CPU = Release|Any CPU
	EndGlobalSection
	GlobalSection(ProjectConfigurationPlatforms) = postSolution
		{BEE3A2D3-FCA9-4CB2-AC10-388F9793F2E1}.Debug|Any CPU.ActiveCfg = Debug|Any CPU
		{BEE3A2D3-FCA9-4CB2-AC10-388F9793F2E1}.Debug|Any CPU.Build.0 = Debug|Any CPU
		{BEE3A2D3-FCA9-4CB2-AC10-388F9793F2E1}.Release|Any CPU.ActiveCfg = Release|Any CPU
		{BEE3A2D3-FCA9-4CB2-AC10-388F9793F2E1}.Release|Any CPU.Build.0 = Release|Any CPU
		{88DE4FBD-36F9-47A4-88BF-FEA6D8011C30}.Debug|Any CPU.ActiveCfg = Debug|Any CPU
		{88DE4FBD-36F9-47A4-88BF-FEA6D8011C30}.Debug|Any CPU.Build.0 = Debug|Any CPU
		{88DE4FBD-36F9-47A4-88BF-FEA6D8011C30}.Release|Any CPU.ActiveCfg = Release|Any CPU
		{88DE4FBD-36F9-47A4-88BF-FEA6D8011C30}.Release|Any CPU.Build.0 = Release|Any CPU
		{03855D06-F43A-4B21-BAF0-026224297525}.Debug|Any CPU.ActiveCfg = Debug|Any CPU
		{03855D06-F43A-4B21-BAF0-026224297525}.Debug|Any CPU.Build.0 = Debug|Any CPU
		{03855D06-F43A-4B21-BAF0-026224297525}.Release|Any CPU.ActiveCfg = Release|Any CPU
		{03855D06-F43A-4B21-BAF0-026224297525}.Release|Any CPU.Build.0 = Release|Any CPU
		{B5D422F1-852B-4C56-89D2-7EFB44A08A74}.Debug|Any CPU.ActiveCfg = Debug|Any CPU
		{B5D422F1-852B-4C56-89D2-7EFB44A08A74}.Debug|Any CPU.Build.0 = Debug|Any CPU
		{B5D422F1-852B-4C56-89D2-7EFB44A08A74}.Release|Any CPU.ActiveCfg = Release|Any CPU
		{B5D422F1-852B-4C56-89D2-7EFB44A08A74}.Release|Any CPU.Build.0 = Release|Any CPU
	EndGlobalSection
	GlobalSection(SolutionProperties) = preSolution
		HideSolutionNode = FALSE
	EndGlobalSection
EndGlobal
